hash: db61dbb89f557d88a11d62722e84718bd44a59d8642e0aa2523ce05630960aa7
updated: 2018-08-09T21:24:53.045559142-04:00
imports:
- name: github.com/buger/jsonparser
  version: f4dd9f5a6b441265aefc1d44872a6f8c10f42b37
- name: github.com/go-stack/stack
  version: 259ab82a6cad3992b4e21ff5cac294ccb06474bc
- name: github.com/gocarina/gocsv
  version: a5c9099e2484f1551abb9433885e158610a25f4b
- name: github.com/golang/snappy
  version: 2e65f85255dbc3072edf28d6b5b8efc472979f5a
- name: github.com/inconshreveable/mousetrap
  version: 76626ae9c91c4f2a10f34cad8ce83ea42c93bb75
- name: github.com/mitchellh/mapstructure
  version: f15292f7a699fcc1a38a80977f80a046874ba8ac
- name: github.com/mongodb/mongo-go-driver
  version: 9b26cbb1a61aaedd6160e99c41fa514b04a1a245
  subpackages:
  - bson
  - bson/builder
  - bson/decimal
  - bson/elements
  - bson/objectid
  - bson/parser
  - bson/parser/ast
  - core/address
  - core/auth
  - core/auth/internal/gssapi
  - core/command
  - core/compressor
  - core/connection
  - core/connstring
  - core/description
  - core/dispatch
  - core/event
  - core/option
  - core/readconcern
  - core/readpref
  - core/result
  - core/session
  - core/tag
  - core/topology
  - core/uuid
  - core/version
  - core/wiremessage
  - core/writeconcern
  - internal
  - mongo
  - mongo/aggregateopt
  - mongo/changestreamopt
  - mongo/clientopt
  - mongo/collectionopt
  - mongo/countopt
  - mongo/dbopt
  - mongo/deleteopt
  - mongo/distinctopt
  - mongo/dropcollopt
  - mongo/findopt
  - mongo/indexopt
  - mongo/insertopt
  - mongo/listcollectionopt
  - mongo/listdbopt
  - mongo/mongoopt
  - mongo/replaceopt
  - mongo/runcmdopt
  - mongo/sessionopt
  - mongo/updateopt
- name: github.com/spf13/cobra
  version: ef82de70bb3f60c65fb8eebacbb2d122ef517385
- name: github.com/spf13/pflag
  version: 9a97c102cda95a86cec2345a6f09f55a939babf5
- name: golang.org/x/crypto
  version: 9477e0b78b9ac3d0b03822fd95422e2fe07627cd
  subpackages:
  - pbkdf2
- name: golang.org/x/net
  version: f9ce57c11b242f0f1599cf25c89d8cb02c45295a
  subpackages:
  - context
- name: golang.org/x/sync
  version: 1d60e4601c6fd243af51cc01ddf169918a5407ca
  subpackages:
  - semaphore
- name: gopkg.in/yaml.v2
  version: 5420a8b6744d3b0345ab293f6fcba19c978f1183
testImports: []
